// !$*UTF8*$!
{
	archiveVersion = 1;
	classes = {
	};
	objectVersion = 46;
	objects = {

/* Begin PBXBuildFile section */
		331FD1731C674320003B4912 /* AppDelegate.swift in Sources */ = {isa = PBXBuildFile; fileRef = 331FD1721C674320003B4912 /* AppDelegate.swift */; };
		331FD1751C674320003B4912 /* ViewController.swift in Sources */ = {isa = PBXBuildFile; fileRef = 331FD1741C674320003B4912 /* ViewController.swift */; };
		331FD1781C674320003B4912 /* Main.storyboard in Resources */ = {isa = PBXBuildFile; fileRef = 331FD1761C674320003B4912 /* Main.storyboard */; };
		331FD17A1C674320003B4912 /* Assets.xcassets in Resources */ = {isa = PBXBuildFile; fileRef = 331FD1791C674320003B4912 /* Assets.xcassets */; };
		331FD17D1C674320003B4912 /* LaunchScreen.storyboard in Resources */ = {isa = PBXBuildFile; fileRef = 331FD17B1C674320003B4912 /* LaunchScreen.storyboard */; };
		331FD1851C6750AF003B4912 /* Minecraft.ttf in Resources */ = {isa = PBXBuildFile; fileRef = 331FD1841C6750AF003B4912 /* Minecraft.ttf */; };
		331FD1871C67787D003B4912 /* btn.wav in Resources */ = {isa = PBXBuildFile; fileRef = 331FD1861C67787D003B4912 /* btn.wav */; };
/* End PBXBuildFile section */

/* Begin PBXFileReference section */
		331FD16F1C674320003B4912 /* retroCalculator.app */ = {isa = PBXFileReference; explicitFileType = wrapper.application; includeInIndex = 0; path = retroCalculator.app; sourceTree = BUILT_PRODUCTS_DIR; };
		331FD1721C674320003B4912 /* AppDelegate.swift */ = {isa = PBXFileReference; lastKnownFileType = sourcecode.swift; path = AppDelegate.swift; sourceTree = "<group>"; };
		331FD1741C674320003B4912 /* ViewController.swift */ = {isa = PBXFileReference; lastKnownFileType = sourcecode.swift; path = ViewController.swift; sourceTree = "<group>"; };
		331FD1771C674320003B4912 /* Base */ = {isa = PBXFileReference; lastKnownFileType = file.storyboard; name = Base; path = Base.lproj/Main.storyboard; sourceTree = "<group>"; };
		331FD1791C674320003B4912 /* Assets.xcassets */ = {isa = PBXFileReference; lastKnownFileType = folder.assetcatalog; path = Assets.xcassets; sourceTree = "<group>"; };
		331FD17C1C674320003B4912 /* Base */ = {isa = PBXFileReference; lastKnownFileType = file.storyboard; name = Base; path = Base.lproj/LaunchScreen.storyboard; sourceTree = "<group>"; };
		331FD17E1C674320003B4912 /* Info.plist */ = {isa = PBXFileReference; lastKnownFileType = text.plist.xml; path = Info.plist; sourceTree = "<group>"; };
		331FD1841C6750AF003B4912 /* Minecraft.ttf */ = {isa = PBXFileReference; lastKnownFileType = file; path = Minecraft.ttf; sourceTree = "<group>"; };
		331FD1861C67787D003B4912 /* btn.wav */ = {isa = PBXFileReference; lastKnownFileType = audio.wav; path = btn.wav; sourceTree = "<group>"; };
/* End PBXFileReference section */

/* Begin PBXFrameworksBuildPhase section */
		331FD16C1C674320003B4912 /* Frameworks */ = {
			isa = PBXFrameworksBuildPhase;
			buildActionMask = 2147483647;
			files = (
			);
			runOnlyForDeploymentPostprocessing = 0;
		};
/* End PBXFrameworksBuildPhase section */

/* Begin PBXGroup section */
		331FD1661C674320003B4912 = {
			isa = PBXGroup;
			children = (
				331FD1711C674320003B4912 /* retroCalculator */,
				331FD1701C674320003B4912 /* Products */,
			);
			sourceTree = "<group>";
		};
		331FD1701C674320003B4912 /* Products */ = {
			isa = PBXGroup;
			children = (
				331FD16F1C674320003B4912 /* retroCalculator.app */,
			);
			name = Products;
			sourceTree = "<group>";
		};
		331FD1711C674320003B4912 /* retroCalculator */ = {
			isa = PBXGroup;
			children = (
				331FD1841C6750AF003B4912 /* Minecraft.ttf */,
				331FD1861C67787D003B4912 /* btn.wav */,
				331FD1721C674320003B4912 /* AppDelegate.swift */,
				331FD1741C674320003B4912 /* ViewController.swift */,
				331FD1761C674320003B4912 /* Main.storyboard */,
				331FD1791C674320003B4912 /* Assets.xcassets */,
				331FD17B1C674320003B4912 /* LaunchScreen.storyboard */,
				331FD17E1C674320003B4912 /* Info.plist */,
			);
			path = retroCalculator;
			sourceTree = "<group>";
		};
/* End PBXGroup section */

/* Begin PBXNativeTarget section */
		331FD16E1C674320003B4912 /* retroCalculator */ = {
			isa = PBXNativeTarget;
			buildConfigurationList = 331FD1811C674320003B4912 /* Build configuration list for PBXNativeTarget "retroCalculator" */;
			buildPhases = (
				331FD16B1C674320003B4912 /* Sources */,
				331FD16C1C674320003B4912 /* Frameworks */,
				331FD16D1C674320003B4912 /* Resources */,
			);
			buildRules = (
			);
			dependencies = (
			);
			name = retroCalculator;
			productName = retroCalculator;
			productReference = 331FD16F1C674320003B4912 /* retroCalculator.app */;
			productType = "com.apple.product-type.application";
		};
/* End PBXNativeTarget section */

/* Begin PBXProject section */
		331FD1671C674320003B4912 /* Project object */ = {
			isa = PBXProject;
			attributes = {
				LastSwiftUpdateCheck = 0720;
				LastUpgradeCheck = 0720;
				ORGANIZATIONNAME = "太田修";
				TargetAttributes = {
					331FD16E1C674320003B4912 = {
						CreatedOnToolsVersion = 7.2.1;
					};
				};
			};
			buildConfigurationList = 331FD16A1C674320003B4912 /* Build configuration list for PBXProject "retroCalculator" */;
			compatibilityVersion = "Xcode 3.2";
			developmentRegion = English;
			hasScannedForEncodings = 0;
			knownRegions = (
				en,
				Base,
			);
			mainGroup = 331FD1661C674320003B4912;
			productRefGroup = 331FD1701C674320003B4912 /* Products */;
			projectDirPath = "";
			projectRoot = "";
			targets = (
				331FD16E1C674320003B4912 /* retroCalculator */,
			);
		};
/* End PBXProject section */

/* Begin PBXResourcesBuildPhase section */
		331FD16D1C674320003B4912 /* Resources */ = {
			isa = PBXResourcesBuildPhase;
			buildActionMask = 2147483647;
			files = (
				331FD1871C67787D003B4912 /* btn.wav in Resources */,
				331FD17D1C674320003B4912 /* LaunchScreen.storyboard in Resources */,
				331FD17A1C674320003B4912 /* Assets.xcassets in Resources */,
				331FD1851C6750AF003B4912 /* Minecraft.ttf in Resources */,
				331FD1781C674320003B4912 /* Main.storyboard in Resources */,
			);
			runOnlyForDeploymentPostprocessing = 0;
		};
/* End PBXResourcesBuildPhase section */

/* Begin PBXSourcesBuildPhase section */
		331FD16B1C674320003B4912 /* Sources */ = {
			isa = PBXSourcesBuildPhase;
			buildActionMask = 2147483647;
			files = (
				331FD1751C674320003B4912 /* ViewController.swift in Sources */,
				331FD1731C674320003B4912 /* AppDelegate.swift in Sources */,
			);
			runOnlyForDeploymentPostprocessing = 0;
		};
/* End PBXSourcesBuildPhase section */

/* Begin PBXVariantGroup section */
		331FD1761C674320003B4912 /* Main.storyboard */ = {
			isa = PBXVariantGroup;
			children = (
				331FD1771C674320003B4912 /* Base */,
			);
			name = Main.storyboard;
			sourceTree = "<group>";
		};
		331FD17B1C674320003B4912 /* LaunchScreen.storyboard */ = {
			isa = PBXVariantGroup;
			children = (
				331FD17C1C674320003B4912 /* Base */,
			);
			name = LaunchScreen.storyboard;
			sourceTree = "<group>";
		};
/* End PBXVariantGroup section */

/* Begin XCBuildConfiguration section */
		331FD17F1C674320003B4912 /* Debug */ = {
			isa = XCBuildConfiguration;
			buildSettings = {
				ALWAYS_SEARCH_USER_PATHS = NO;
				CLANG_CXX_LANGUAGE_STANDARD = "gnu++0x";
				CLANG_CXX_LIBRARY = "libc++";
				CLANG_ENABLE_MODULES = YES;
				CLANG_ENABLE_OBJC_ARC = YES;
				CLANG_WARN_BOOL_CONVERSION = YES;
				CLANG_WARN_CONSTANT_CONVERSION = YES;
				CLANG_WARN_DIRECT_OBJC_ISA_USAGE = YES_ERROR;
				CLANG_WARN_EMPTY_BODY = YES;
				CLANG_WARN_ENUM_CONVERSION = YES;
				CLANG_WARN_INT_CONVERSION = YES;
				CLANG_WARN_OBJC_ROOT_CLASS = YES_ERROR;
				CLANG_WARN_UNREACHABLE_CODE = YES;
				CLANG_WARN__DUPLICATE_METHOD_MATCH = YES;
				"CODE_SIGN_IDENTITY[sdk=iphoneos*]" = "iPhone Developer";
				COPY_PHASE_STRIP = NO;
				DEBUG_INFORMATION_FORMAT = dwarf;
				ENABLE_STRICT_OBJC_MSGSEND = YES;
				ENABLE_TESTABILITY = YES;
				GCC_C_LANGUAGE_STANDARD = gnu99;
				GCC_DYNAMIC_NO_PIC = NO;
				GCC_NO_COMMON_BLOCKS = YES;
				GCC_OPTIMIZATION_LEVEL = 0;
				GCC_PREPROCESSOR_DEFINITIONS = (
					"DEBUG=1",
					"$(inherited)",
				);
				GCC_WARN_64_TO_32_BIT_CONVERSION = YES;
				GCC_WARN_ABOUT_RETURN_TYPE = YES_ERROR;
				GCC_WARN_UNDECLARED_SELECTOR = YES;
				GCC_WARN_UNINITIALIZED_AUTOS = YES_AGGRESSIVE;
				GCC_WARN_UNUSED_FUNCTION = YES;
				GCC_WARN_UNUSED_VARIABLE = YES;
				IPHONEOS_DEPLOYMENT_TARGET = 9.2;
				MTL_ENABLE_DEBUG_INFO = YES;
				ONLY_ACTIVE_ARCH = YES;
				SDKROOT = iphoneos;
				SWIFT_OPTIMIZATION_LEVEL = "-Onone";
			};
			name = Debug;
		};
		331FD1801C674320003B4912 /* Release */ = {
			isa = XCBuildConfiguration;
			buildSettings = {
				ALWAYS_SEARCH_USER_PATHS = NO;
				CLANG_CXX_LANGUAGE_STANDARD = "gnu++0x";
				CLANG_CXX_LIBRARY = "libc++";
				CLANG_ENABLE_MODULES = YES;
				CLANG_ENABLE_OBJC_ARC = YES;
				CLANG_WARN_BOOL_CONVERSION = YES;
				CLANG_WARN_CONSTANT_CONVERSION = YES;
				CLANG_WARN_DIRECT_OBJC_ISA_USAGE = YES_ERROR;
				CLANG_WARN_EMPTY_BODY = YES;
				CLANG_WARN_ENUM_CONVERSION = YES;
				CLANG_WARN_INT_CONVERSION = YES;
				CLANG_WARN_OBJC_ROOT_CLASS = YES_ERROR;
				CLANG_WARN_UNREACHABLE_CODE = YES;
				CLANG_WARN__DUPLICATE_METHOD_MATCH = YES;
				"CODE_SIGN_IDENTITY[sdk=iphoneos*]" = "iPhone Developer";
				COPY_PHASE_STRIP = NO;
				DEBUG_INFORMATION_FORMAT = "dwarf-with-dsym";
				ENABLE_NS_ASSERTIONS = NO;
				ENABLE_STRICT_OBJC_MSGSEND = YES;
				GCC_C_LANGUAGE_STANDARD = gnu99;
				GCC_NO_COMMON_BLOCKS = YES;
				GCC_WARN_64_TO_32_BIT_CONVERSION = YES;
				GCC_WARN_ABOUT_RETURN_TYPE = YES_ERROR;
				GCC_WARN_UNDECLARED_SELECTOR = YES;
				GCC_WARN_UNINITIALIZED_AUTOS = YES_AGGRESSIVE;
				GCC_WARN_UNUSED_FUNCTION = YES;
				GCC_WARN_UNUSED_VARIABLE = YES;
				IPHONEOS_DEPLOYMENT_TARGET = 9.2;
				MTL_ENABLE_DEBUG_INFO = NO;
				SDKROOT = iphoneos;
				VALIDATE_PRODUCT = YES;
			};
			name = Release;
		};
		331FD1821C674320003B4912 /* Debug */ = {
			isa = XCBuildConfiguration;
			buildSettings = {
				ASSETCATALOG_COMPILER_APPICON_NAME = AppIcon;
				INFOPLIST_FILE = retroCalculator/Info.plist;
				LD_RUNPATH_SEARCH_PATHS = "$(inherited) @executable_path/Frameworks";
				PRODUCT_BUNDLE_IDENTIFIER = OsamuOta.retroCalculator;
				PRODUCT_NAME = "$(TARGET_NAME)";
			};
			name = Debug;
		};
		331FD1831C674320003B4912 /* Release */ = {
			isa = XCBuildConfiguration;
			buildSettings = {
				ASSETCATALOG_COMPILER_APPICON_NAME = AppIcon;
				INFOPLIST_FILE = retroCalculator/Info.plist;
				LD_RUNPATH_SEARCH_PATHS = "$(inherited) @executable_path/Frameworks";
				PRODUCT_BUNDLE_IDENTIFIER = OsamuOta.retroCalculator;
				PRODUCT_NAME = "$(TARGET_NAME)";
			};
			name = Release;
		};
/* End XCBuildConfiguration section */

/* Begin XCConfigurationList section */
		331FD16A1C674320003B4912 /* Build configuration list for PBXProject "retroCalculator" */ = {
			isa = XCConfigurationList;
			buildConfigurations = (
				331FD17F1C674320003B4912 /* Debug */,
				331FD1801C674320003B4912 /* Release */,
			);
			defaultConfigurationIsVisible = 0;
			defaultConfigurationName = Release;
		};
		331FD1811C674320003B4912 /* Build configuration list for PBXNativeTarget "retroCalculator" */ = {
			isa = XCConfigurationList;
			buildConfigurations = (
				331FD1821C674320003B4912 /* Debug */,
				331FD1831C674320003B4912 /* Release */,
			);
			defaultConfigurationIsVisible = 0;
		};
/* End XCConfigurationList section */
	};
	rootObject = 331FD1671C674320003B4912 /* Project object */;
}
